
Microsoft Visual Studio Solution File, Format Version 12.00
# Visual Studio 2013
VisualStudioVersion = 12.0.21005.1
MinimumVisualStudioVersion = 10.0.40219.1
Project("{FAE04EC0-301F-11D3-BF4B-00C04F79EFBC}") = "Test.NewtonFramework", "Test.NewtonFramework\Test.NewtonFramework.csproj", "{F03C0E15-C93B-4006-8018-E25C934AC955}"
EndProject
Project("{2150E333-8FDC-42A3-9474-1A3956D46DE8}") = "Solution Items", "Solution Items", "{9606833A-22E6-4321-9FC5-B741B4860001}"
	ProjectSection(SolutionItems) = preProject
		KOHtmlBuilder.cs = KOHtmlBuilder.cs
		Local.testsettings = Local.testsettings
		Test.NewtonFramework.vsmdi = Test.NewtonFramework.vsmdi
		TraceAndTestImpact.testsettings = TraceAndTestImpact.testsettings
	EndProjectSection
EndProject
Project("{FAE04EC0-301F-11D3-BF4B-00C04F79EFBC}") = "Newton.Testing", "..\Newton.Testing\Newton.Testing.csproj", "{A7974AD3-C46F-4070-AF5E-1CE4CEB73BC7}"
EndProject
Project("{FAE04EC0-301F-11D3-BF4B-00C04F79EFBC}") = "Newton.Dev", "..\Newton.Dev\Newton.Dev.csproj", "{3E96FFF8-CB5B-477A-98E2-4A89BA480DCE}"
EndProject
Project("{FAE04EC0-301F-11D3-BF4B-00C04F79EFBC}") = "Newton.UI.Mvc", "..\Newton.UI.Mvc\Newton.UI.Mvc.csproj", "{426F21EE-AFFD-4AD4-A972-79C9906ECF43}"
EndProject
Project("{FAE04EC0-301F-11D3-BF4B-00C04F79EFBC}") = "Newton.Core", "..\Newton.Core\Newton.Core.csproj", "{A2AC7910-BA2C-4B09-BDB4-B5A85D825ED7}"
EndProject
Project("{FAE04EC0-301F-11D3-BF4B-00C04F79EFBC}") = "Newton.Data", "..\Newton.Data\Newton.Data.csproj", "{536D6ED4-0F8F-4D89-81BF-911062F65ADF}"
EndProject
Project("{FAE04EC0-301F-11D3-BF4B-00C04F79EFBC}") = "Newton.UI.Mvc3", "..\Newton.UI.Mvc3\Newton.UI.Mvc3.csproj", "{025F4A5F-6675-4A33-A3DC-7CEFB2A288BF}"
EndProject
Project("{FAE04EC0-301F-11D3-BF4B-00C04F79EFBC}") = "Newton.Factory", "..\Newton.Factory\Newton.Factory\Newton.Factory.csproj", "{F030B141-77CF-4986-B8DD-5086F5F07622}"
EndProject
Project("{FAE04EC0-301F-11D3-BF4B-00C04F79EFBC}") = "Test.WebSite.Mvc", "..\Test.WebSite.Mvc\Test.WebSite.Mvc.csproj", "{7E5F68AD-90BB-4684-9A9D-14BD63556D6D}"
EndProject
Project("{FAE04EC0-301F-11D3-BF4B-00C04F79EFBC}") = "HtmlHelpers", "..\HtmlHelpers\HtmlHelpers.csproj", "{DDE49D83-D789-4000-820B-CFC9224D020C}"
EndProject
Global
	GlobalSection(SolutionConfigurationPlatforms) = preSolution
		All|Any CPU = All|Any CPU
		All|Mixed Platforms = All|Mixed Platforms
		All|x86 = All|x86
		Basic|Any CPU = Basic|Any CPU
		Basic|Mixed Platforms = Basic|Mixed Platforms
		Basic|x86 = Basic|x86
		Debug|Any CPU = Debug|Any CPU
		Debug|Mixed Platforms = Debug|Mixed Platforms
		Debug|x86 = Debug|x86
		Release|Any CPU = Release|Any CPU
		Release|Mixed Platforms = Release|Mixed Platforms
		Release|x86 = Release|x86
	EndGlobalSection
	GlobalSection(ProjectConfigurationPlatforms) = postSolution
		{F03C0E15-C93B-4006-8018-E25C934AC955}.All|Any CPU.ActiveCfg = Release|Any CPU
		{F03C0E15-C93B-4006-8018-E25C934AC955}.All|Any CPU.Build.0 = Release|Any CPU
		{F03C0E15-C93B-4006-8018-E25C934AC955}.All|Mixed Platforms.ActiveCfg = Release|Any CPU
		{F03C0E15-C93B-4006-8018-E25C934AC955}.All|Mixed Platforms.Build.0 = Release|Any CPU
		{F03C0E15-C93B-4006-8018-E25C934AC955}.All|x86.ActiveCfg = Release|Any CPU
		{F03C0E15-C93B-4006-8018-E25C934AC955}.Basic|Any CPU.ActiveCfg = Release|Any CPU
		{F03C0E15-C93B-4006-8018-E25C934AC955}.Basic|Any CPU.Build.0 = Release|Any CPU
		{F03C0E15-C93B-4006-8018-E25C934AC955}.Basic|Mixed Platforms.ActiveCfg = Release|Any CPU
		{F03C0E15-C93B-4006-8018-E25C934AC955}.Basic|Mixed Platforms.Build.0 = Release|Any CPU
		{F03C0E15-C93B-4006-8018-E25C934AC955}.Basic|x86.ActiveCfg = Release|Any CPU
		{F03C0E15-C93B-4006-8018-E25C934AC955}.Debug|Any CPU.ActiveCfg = Debug|Any CPU
		{F03C0E15-C93B-4006-8018-E25C934AC955}.Debug|Any CPU.Build.0 = Debug|Any CPU
		{F03C0E15-C93B-4006-8018-E25C934AC955}.Debug|Mixed Platforms.ActiveCfg = Debug|Any CPU
		{F03C0E15-C93B-4006-8018-E25C934AC955}.Debug|Mixed Platforms.Build.0 = Debug|Any CPU
		{F03C0E15-C93B-4006-8018-E25C934AC955}.Debug|x86.ActiveCfg = Debug|Any CPU
		{F03C0E15-C93B-4006-8018-E25C934AC955}.Release|Any CPU.ActiveCfg = Release|Any CPU
		{F03C0E15-C93B-4006-8018-E25C934AC955}.Release|Any CPU.Build.0 = Release|Any CPU
		{F03C0E15-C93B-4006-8018-E25C934AC955}.Release|Mixed Platforms.ActiveCfg = Release|Any CPU
		{F03C0E15-C93B-4006-8018-E25C934AC955}.Release|Mixed Platforms.Build.0 = Release|Any CPU
		{F03C0E15-C93B-4006-8018-E25C934AC955}.Release|x86.ActiveCfg = Release|Any CPU
		{A7974AD3-C46F-4070-AF5E-1CE4CEB73BC7}.All|Any CPU.ActiveCfg = Release|Any CPU
		{A7974AD3-C46F-4070-AF5E-1CE4CEB73BC7}.All|Any CPU.Build.0 = Release|Any CPU
		{A7974AD3-C46F-4070-AF5E-1CE4CEB73BC7}.All|Mixed Platforms.ActiveCfg = Release|Any CPU
		{A7974AD3-C46F-4070-AF5E-1CE4CEB73BC7}.All|Mixed Platforms.Build.0 = Release|Any CPU
		{A7974AD3-C46F-4070-AF5E-1CE4CEB73BC7}.All|x86.ActiveCfg = Release|Any CPU
		{A7974AD3-C46F-4070-AF5E-1CE4CEB73BC7}.Basic|Any CPU.ActiveCfg = Release|Any CPU
		{A7974AD3-C46F-4070-AF5E-1CE4CEB73BC7}.Basic|Any CPU.Build.0 = Release|Any CPU
		{A7974AD3-C46F-4070-AF5E-1CE4CEB73BC7}.Basic|Mixed Platforms.ActiveCfg = Release|Any CPU
		{A7974AD3-C46F-4070-AF5E-1CE4CEB73BC7}.Basic|Mixed Platforms.Build.0 = Release|Any CPU
		{A7974AD3-C46F-4070-AF5E-1CE4CEB73BC7}.Basic|x86.ActiveCfg = Release|Any CPU
		{A7974AD3-C46F-4070-AF5E-1CE4CEB73BC7}.Debug|Any CPU.ActiveCfg = Debug|Any CPU
		{A7974AD3-C46F-4070-AF5E-1CE4CEB73BC7}.Debug|Any CPU.Build.0 = Debug|Any CPU
		{A7974AD3-C46F-4070-AF5E-1CE4CEB73BC7}.Debug|Mixed Platforms.ActiveCfg = Debug|Any CPU
		{A7974AD3-C46F-4070-AF5E-1CE4CEB73BC7}.Debug|Mixed Platforms.Build.0 = Debug|Any CPU
		{A7974AD3-C46F-4070-AF5E-1CE4CEB73BC7}.Debug|x86.ActiveCfg = Debug|Any CPU
		{A7974AD3-C46F-4070-AF5E-1CE4CEB73BC7}.Release|Any CPU.ActiveCfg = Release|Any CPU
		{A7974AD3-C46F-4070-AF5E-1CE4CEB73BC7}.Release|Any CPU.Build.0 = Release|Any CPU
		{A7974AD3-C46F-4070-AF5E-1CE4CEB73BC7}.Release|Mixed Platforms.ActiveCfg = Release|Any CPU
		{A7974AD3-C46F-4070-AF5E-1CE4CEB73BC7}.Release|Mixed Platforms.Build.0 = Release|Any CPU
		{A7974AD3-C46F-4070-AF5E-1CE4CEB73BC7}.Release|x86.ActiveCfg = Release|Any CPU
		{3E96FFF8-CB5B-477A-98E2-4A89BA480DCE}.All|Any CPU.ActiveCfg = Release|Any CPU
		{3E96FFF8-CB5B-477A-98E2-4A89BA480DCE}.All|Any CPU.Build.0 = Release|Any CPU
		{3E96FFF8-CB5B-477A-98E2-4A89BA480DCE}.All|Mixed Platforms.ActiveCfg = Release|Any CPU
		{3E96FFF8-CB5B-477A-98E2-4A89BA480DCE}.All|Mixed Platforms.Build.0 = Release|Any CPU
		{3E96FFF8-CB5B-477A-98E2-4A89BA480DCE}.All|x86.ActiveCfg = Release|Any CPU
		{3E96FFF8-CB5B-477A-98E2-4A89BA480DCE}.Basic|Any CPU.ActiveCfg = Release|Any CPU
		{3E96FFF8-CB5B-477A-98E2-4A89BA480DCE}.Basic|Any CPU.Build.0 = Release|Any CPU
		{3E96FFF8-CB5B-477A-98E2-4A89BA480DCE}.Basic|Mixed Platforms.ActiveCfg = Release|Any CPU
		{3E96FFF8-CB5B-477A-98E2-4A89BA480DCE}.Basic|Mixed Platforms.Build.0 = Release|Any CPU
		{3E96FFF8-CB5B-477A-98E2-4A89BA480DCE}.Basic|x86.ActiveCfg = Release|Any CPU
		{3E96FFF8-CB5B-477A-98E2-4A89BA480DCE}.Debug|Any CPU.ActiveCfg = Debug|Any CPU
		{3E96FFF8-CB5B-477A-98E2-4A89BA480DCE}.Debug|Any CPU.Build.0 = Debug|Any CPU
		{3E96FFF8-CB5B-477A-98E2-4A89BA480DCE}.Debug|Mixed Platforms.ActiveCfg = Debug|Any CPU
		{3E96FFF8-CB5B-477A-98E2-4A89BA480DCE}.Debug|Mixed Platforms.Build.0 = Debug|Any CPU
		{3E96FFF8-CB5B-477A-98E2-4A89BA480DCE}.Debug|x86.ActiveCfg = Debug|Any CPU
		{3E96FFF8-CB5B-477A-98E2-4A89BA480DCE}.Release|Any CPU.ActiveCfg = Release|Any CPU
		{3E96FFF8-CB5B-477A-98E2-4A89BA480DCE}.Release|Any CPU.Build.0 = Release|Any CPU
		{3E96FFF8-CB5B-477A-98E2-4A89BA480DCE}.Release|Mixed Platforms.ActiveCfg = Release|Any CPU
		{3E96FFF8-CB5B-477A-98E2-4A89BA480DCE}.Release|Mixed Platforms.Build.0 = Release|Any CPU
		{3E96FFF8-CB5B-477A-98E2-4A89BA480DCE}.Release|x86.ActiveCfg = Release|Any CPU
		{426F21EE-AFFD-4AD4-A972-79C9906ECF43}.All|Any CPU.ActiveCfg = Release|Any CPU
		{426F21EE-AFFD-4AD4-A972-79C9906ECF43}.All|Any CPU.Build.0 = Release|Any CPU
		{426F21EE-AFFD-4AD4-A972-79C9906ECF43}.All|Mixed Platforms.ActiveCfg = Release|Any CPU
		{426F21EE-AFFD-4AD4-A972-79C9906ECF43}.All|Mixed Platforms.Build.0 = Release|Any CPU
		{426F21EE-AFFD-4AD4-A972-79C9906ECF43}.All|x86.ActiveCfg = Release|Any CPU
		{426F21EE-AFFD-4AD4-A972-79C9906ECF43}.Basic|Any CPU.ActiveCfg = Release|Any CPU
		{426F21EE-AFFD-4AD4-A972-79C9906ECF43}.Basic|Any CPU.Build.0 = Release|Any CPU
		{426F21EE-AFFD-4AD4-A972-79C9906ECF43}.Basic|Mixed Platforms.ActiveCfg = Release|Any CPU
		{426F21EE-AFFD-4AD4-A972-79C9906ECF43}.Basic|Mixed Platforms.Build.0 = Release|Any CPU
		{426F21EE-AFFD-4AD4-A972-79C9906ECF43}.Basic|x86.ActiveCfg = Release|Any CPU
		{426F21EE-AFFD-4AD4-A972-79C9906ECF43}.Debug|Any CPU.ActiveCfg = Debug|Any CPU
		{426F21EE-AFFD-4AD4-A972-79C9906ECF43}.Debug|Any CPU.Build.0 = Debug|Any CPU
		{426F21EE-AFFD-4AD4-A972-79C9906ECF43}.Debug|Mixed Platforms.ActiveCfg = Debug|Any CPU
		{426F21EE-AFFD-4AD4-A972-79C9906ECF43}.Debug|Mixed Platforms.Build.0 = Debug|Any CPU
		{426F21EE-AFFD-4AD4-A972-79C9906ECF43}.Debug|x86.ActiveCfg = Debug|Any CPU
		{426F21EE-AFFD-4AD4-A972-79C9906ECF43}.Release|Any CPU.ActiveCfg = Release|Any CPU
		{426F21EE-AFFD-4AD4-A972-79C9906ECF43}.Release|Any CPU.Build.0 = Release|Any CPU
		{426F21EE-AFFD-4AD4-A972-79C9906ECF43}.Release|Mixed Platforms.ActiveCfg = Release|Any CPU
		{426F21EE-AFFD-4AD4-A972-79C9906ECF43}.Release|Mixed Platforms.Build.0 = Release|Any CPU
		{426F21EE-AFFD-4AD4-A972-79C9906ECF43}.Release|x86.ActiveCfg = Release|Any CPU
		{A2AC7910-BA2C-4B09-BDB4-B5A85D825ED7}.All|Any CPU.ActiveCfg = Release|Any CPU
		{A2AC7910-BA2C-4B09-BDB4-B5A85D825ED7}.All|Any CPU.Build.0 = Release|Any CPU
		{A2AC7910-BA2C-4B09-BDB4-B5A85D825ED7}.All|Mixed Platforms.ActiveCfg = Release|Any CPU
		{A2AC7910-BA2C-4B09-BDB4-B5A85D825ED7}.All|Mixed Platforms.Build.0 = Release|Any CPU
		{A2AC7910-BA2C-4B09-BDB4-B5A85D825ED7}.All|x86.ActiveCfg = Release|Any CPU
		{A2AC7910-BA2C-4B09-BDB4-B5A85D825ED7}.Basic|Any CPU.ActiveCfg = Release|Any CPU
		{A2AC7910-BA2C-4B09-BDB4-B5A85D825ED7}.Basic|Any CPU.Build.0 = Release|Any CPU
		{A2AC7910-BA2C-4B09-BDB4-B5A85D825ED7}.Basic|Mixed Platforms.ActiveCfg = Release|Any CPU
		{A2AC7910-BA2C-4B09-BDB4-B5A85D825ED7}.Basic|Mixed Platforms.Build.0 = Release|Any CPU
		{A2AC7910-BA2C-4B09-BDB4-B5A85D825ED7}.Basic|x86.ActiveCfg = Release|Any CPU
		{A2AC7910-BA2C-4B09-BDB4-B5A85D825ED7}.Debug|Any CPU.ActiveCfg = Debug|Any CPU
		{A2AC7910-BA2C-4B09-BDB4-B5A85D825ED7}.Debug|Any CPU.Build.0 = Debug|Any CPU
		{A2AC7910-BA2C-4B09-BDB4-B5A85D825ED7}.Debug|Mixed Platforms.ActiveCfg = Debug|Any CPU
		{A2AC7910-BA2C-4B09-BDB4-B5A85D825ED7}.Debug|Mixed Platforms.Build.0 = Debug|Any CPU
		{A2AC7910-BA2C-4B09-BDB4-B5A85D825ED7}.Debug|x86.ActiveCfg = Debug|Any CPU
		{A2AC7910-BA2C-4B09-BDB4-B5A85D825ED7}.Release|Any CPU.ActiveCfg = Release|Any CPU
		{A2AC7910-BA2C-4B09-BDB4-B5A85D825ED7}.Release|Any CPU.Build.0 = Release|Any CPU
		{A2AC7910-BA2C-4B09-BDB4-B5A85D825ED7}.Release|Mixed Platforms.ActiveCfg = Release|Any CPU
		{A2AC7910-BA2C-4B09-BDB4-B5A85D825ED7}.Release|Mixed Platforms.Build.0 = Release|Any CPU
		{A2AC7910-BA2C-4B09-BDB4-B5A85D825ED7}.Release|x86.ActiveCfg = Release|Any CPU
		{536D6ED4-0F8F-4D89-81BF-911062F65ADF}.All|Any CPU.ActiveCfg = Release|Any CPU
		{536D6ED4-0F8F-4D89-81BF-911062F65ADF}.All|Any CPU.Build.0 = Release|Any CPU
		{536D6ED4-0F8F-4D89-81BF-911062F65ADF}.All|Mixed Platforms.ActiveCfg = Release|Any CPU
		{536D6ED4-0F8F-4D89-81BF-911062F65ADF}.All|Mixed Platforms.Build.0 = Release|Any CPU
		{536D6ED4-0F8F-4D89-81BF-911062F65ADF}.All|x86.ActiveCfg = Release|Any CPU
		{536D6ED4-0F8F-4D89-81BF-911062F65ADF}.Basic|Any CPU.ActiveCfg = Release|Any CPU
		{536D6ED4-0F8F-4D89-81BF-911062F65ADF}.Basic|Any CPU.Build.0 = Release|Any CPU
		{536D6ED4-0F8F-4D89-81BF-911062F65ADF}.Basic|Mixed Platforms.ActiveCfg = Release|Any CPU
		{536D6ED4-0F8F-4D89-81BF-911062F65ADF}.Basic|Mixed Platforms.Build.0 = Release|Any CPU
		{536D6ED4-0F8F-4D89-81BF-911062F65ADF}.Basic|x86.ActiveCfg = Release|Any CPU
		{536D6ED4-0F8F-4D89-81BF-911062F65ADF}.Debug|Any CPU.ActiveCfg = Debug|Any CPU
		{536D6ED4-0F8F-4D89-81BF-911062F65ADF}.Debug|Any CPU.Build.0 = Debug|Any CPU
		{536D6ED4-0F8F-4D89-81BF-911062F65ADF}.Debug|Mixed Platforms.ActiveCfg = Debug|Any CPU
		{536D6ED4-0F8F-4D89-81BF-911062F65ADF}.Debug|Mixed Platforms.Build.0 = Debug|Any CPU
		{536D6ED4-0F8F-4D89-81BF-911062F65ADF}.Debug|x86.ActiveCfg = Debug|Any CPU
		{536D6ED4-0F8F-4D89-81BF-911062F65ADF}.Release|Any CPU.ActiveCfg = Release|Any CPU
		{536D6ED4-0F8F-4D89-81BF-911062F65ADF}.Release|Any CPU.Build.0 = Release|Any CPU
		{536D6ED4-0F8F-4D89-81BF-911062F65ADF}.Release|Mixed Platforms.ActiveCfg = Release|Any CPU
		{536D6ED4-0F8F-4D89-81BF-911062F65ADF}.Release|Mixed Platforms.Build.0 = Release|Any CPU
		{536D6ED4-0F8F-4D89-81BF-911062F65ADF}.Release|x86.ActiveCfg = Release|Any CPU
		{025F4A5F-6675-4A33-A3DC-7CEFB2A288BF}.All|Any CPU.ActiveCfg = Release|Any CPU
		{025F4A5F-6675-4A33-A3DC-7CEFB2A288BF}.All|Any CPU.Build.0 = Release|Any CPU
		{025F4A5F-6675-4A33-A3DC-7CEFB2A288BF}.All|Mixed Platforms.ActiveCfg = Release|Any CPU
		{025F4A5F-6675-4A33-A3DC-7CEFB2A288BF}.All|Mixed Platforms.Build.0 = Release|Any CPU
		{025F4A5F-6675-4A33-A3DC-7CEFB2A288BF}.All|x86.ActiveCfg = Release|Any CPU
		{025F4A5F-6675-4A33-A3DC-7CEFB2A288BF}.Basic|Any CPU.ActiveCfg = Release|Any CPU
		{025F4A5F-6675-4A33-A3DC-7CEFB2A288BF}.Basic|Any CPU.Build.0 = Release|Any CPU
		{025F4A5F-6675-4A33-A3DC-7CEFB2A288BF}.Basic|Mixed Platforms.ActiveCfg = Release|Any CPU
		{025F4A5F-6675-4A33-A3DC-7CEFB2A288BF}.Basic|Mixed Platforms.Build.0 = Release|Any CPU
		{025F4A5F-6675-4A33-A3DC-7CEFB2A288BF}.Basic|x86.ActiveCfg = Release|Any CPU
		{025F4A5F-6675-4A33-A3DC-7CEFB2A288BF}.Debug|Any CPU.ActiveCfg = Debug|Any CPU
		{025F4A5F-6675-4A33-A3DC-7CEFB2A288BF}.Debug|Any CPU.Build.0 = Debug|Any CPU
		{025F4A5F-6675-4A33-A3DC-7CEFB2A288BF}.Debug|Mixed Platforms.ActiveCfg = Debug|Any CPU
		{025F4A5F-6675-4A33-A3DC-7CEFB2A288BF}.Debug|x86.ActiveCfg = Debug|Any CPU
		{025F4A5F-6675-4A33-A3DC-7CEFB2A288BF}.Release|Any CPU.ActiveCfg = Release|Any CPU
		{025F4A5F-6675-4A33-A3DC-7CEFB2A288BF}.Release|Any CPU.Build.0 = Release|Any CPU
		{025F4A5F-6675-4A33-A3DC-7CEFB2A288BF}.Release|Mixed Platforms.ActiveCfg = Release|Any CPU
		{025F4A5F-6675-4A33-A3DC-7CEFB2A288BF}.Release|Mixed Platforms.Build.0 = Release|Any CPU
		{025F4A5F-6675-4A33-A3DC-7CEFB2A288BF}.Release|x86.ActiveCfg = Release|Any CPU
		{F030B141-77CF-4986-B8DD-5086F5F07622}.All|Any CPU.ActiveCfg = Release|x86
		{F030B141-77CF-4986-B8DD-5086F5F07622}.All|Mixed Platforms.ActiveCfg = Release|x86
		{F030B141-77CF-4986-B8DD-5086F5F07622}.All|Mixed Platforms.Build.0 = Release|x86
		{F030B141-77CF-4986-B8DD-5086F5F07622}.All|x86.ActiveCfg = Release|x86
		{F030B141-77CF-4986-B8DD-5086F5F07622}.All|x86.Build.0 = Release|x86
		{F030B141-77CF-4986-B8DD-5086F5F07622}.Basic|Any CPU.ActiveCfg = Release|x86
		{F030B141-77CF-4986-B8DD-5086F5F07622}.Basic|Mixed Platforms.ActiveCfg = Release|x86
		{F030B141-77CF-4986-B8DD-5086F5F07622}.Basic|Mixed Platforms.Build.0 = Release|x86
		{F030B141-77CF-4986-B8DD-5086F5F07622}.Basic|x86.ActiveCfg = Release|x86
		{F030B141-77CF-4986-B8DD-5086F5F07622}.Basic|x86.Build.0 = Release|x86
		{F030B141-77CF-4986-B8DD-5086F5F07622}.Debug|Any CPU.ActiveCfg = Debug|x86
		{F030B141-77CF-4986-B8DD-5086F5F07622}.Debug|Mixed Platforms.ActiveCfg = Debug|x86
		{F030B141-77CF-4986-B8DD-5086F5F07622}.Debug|x86.ActiveCfg = Debug|x86
		{F030B141-77CF-4986-B8DD-5086F5F07622}.Debug|x86.Build.0 = Debug|x86
		{F030B141-77CF-4986-B8DD-5086F5F07622}.Release|Any CPU.ActiveCfg = Release|x86
		{F030B141-77CF-4986-B8DD-5086F5F07622}.Release|Mixed Platforms.ActiveCfg = Release|x86
		{F030B141-77CF-4986-B8DD-5086F5F07622}.Release|Mixed Platforms.Build.0 = Release|x86
		{F030B141-77CF-4986-B8DD-5086F5F07622}.Release|x86.ActiveCfg = Release|x86
		{F030B141-77CF-4986-B8DD-5086F5F07622}.Release|x86.Build.0 = Release|x86
		{7E5F68AD-90BB-4684-9A9D-14BD63556D6D}.All|Any CPU.ActiveCfg = Release|Any CPU
		{7E5F68AD-90BB-4684-9A9D-14BD63556D6D}.All|Any CPU.Build.0 = Release|Any CPU
		{7E5F68AD-90BB-4684-9A9D-14BD63556D6D}.All|Mixed Platforms.ActiveCfg = Release|Any CPU
		{7E5F68AD-90BB-4684-9A9D-14BD63556D6D}.All|Mixed Platforms.Build.0 = Release|Any CPU
		{7E5F68AD-90BB-4684-9A9D-14BD63556D6D}.All|x86.ActiveCfg = Release|Any CPU
		{7E5F68AD-90BB-4684-9A9D-14BD63556D6D}.Basic|Any CPU.ActiveCfg = Release|Any CPU
		{7E5F68AD-90BB-4684-9A9D-14BD63556D6D}.Basic|Any CPU.Build.0 = Release|Any CPU
		{7E5F68AD-90BB-4684-9A9D-14BD63556D6D}.Basic|Mixed Platforms.ActiveCfg = Release|Any CPU
		{7E5F68AD-90BB-4684-9A9D-14BD63556D6D}.Basic|Mixed Platforms.Build.0 = Release|Any CPU
		{7E5F68AD-90BB-4684-9A9D-14BD63556D6D}.Basic|x86.ActiveCfg = Release|Any CPU
		{7E5F68AD-90BB-4684-9A9D-14BD63556D6D}.Debug|Any CPU.ActiveCfg = Debug|Any CPU
		{7E5F68AD-90BB-4684-9A9D-14BD63556D6D}.Debug|Any CPU.Build.0 = Debug|Any CPU
		{7E5F68AD-90BB-4684-9A9D-14BD63556D6D}.Debug|Mixed Platforms.ActiveCfg = Debug|Any CPU
		{7E5F68AD-90BB-4684-9A9D-14BD63556D6D}.Debug|Mixed Platforms.Build.0 = Debug|Any CPU
		{7E5F68AD-90BB-4684-9A9D-14BD63556D6D}.Debug|x86.ActiveCfg = Debug|Any CPU
		{7E5F68AD-90BB-4684-9A9D-14BD63556D6D}.Release|Any CPU.ActiveCfg = Release|Any CPU
		{7E5F68AD-90BB-4684-9A9D-14BD63556D6D}.Release|Any CPU.Build.0 = Release|Any CPU
		{7E5F68AD-90BB-4684-9A9D-14BD63556D6D}.Release|Mixed Platforms.ActiveCfg = Release|Any CPU
		{7E5F68AD-90BB-4684-9A9D-14BD63556D6D}.Release|Mixed Platforms.Build.0 = Release|Any CPU
		{7E5F68AD-90BB-4684-9A9D-14BD63556D6D}.Release|x86.ActiveCfg = Release|Any CPU
		{DDE49D83-D789-4000-820B-CFC9224D020C}.All|Any CPU.ActiveCfg = Release|Any CPU
		{DDE49D83-D789-4000-820B-CFC9224D020C}.All|Any CPU.Build.0 = Release|Any CPU
		{DDE49D83-D789-4000-820B-CFC9224D020C}.All|Mixed Platforms.ActiveCfg = Release|Any CPU
		{DDE49D83-D789-4000-820B-CFC9224D020C}.All|Mixed Platforms.Build.0 = Release|Any CPU
		{DDE49D83-D789-4000-820B-CFC9224D020C}.All|x86.ActiveCfg = Release|Any CPU
		{DDE49D83-D789-4000-820B-CFC9224D020C}.Basic|Any CPU.ActiveCfg = Release|Any CPU
		{DDE49D83-D789-4000-820B-CFC9224D020C}.Basic|Any CPU.Build.0 = Release|Any CPU
		{DDE49D83-D789-4000-820B-CFC9224D020C}.Basic|Mixed Platforms.ActiveCfg = Release|Any CPU
		{DDE49D83-D789-4000-820B-CFC9224D020C}.Basic|Mixed Platforms.Build.0 = Release|Any CPU
		{DDE49D83-D789-4000-820B-CFC9224D020C}.Basic|x86.ActiveCfg = Release|Any CPU
		{DDE49D83-D789-4000-820B-CFC9224D020C}.Debug|Any CPU.ActiveCfg = Debug|Any CPU
		{DDE49D83-D789-4000-820B-CFC9224D020C}.Debug|Any CPU.Build.0 = Debug|Any CPU
		{DDE49D83-D789-4000-820B-CFC9224D020C}.Debug|Mixed Platforms.ActiveCfg = Debug|Any CPU
		{DDE49D83-D789-4000-820B-CFC9224D020C}.Debug|Mixed Platforms.Build.0 = Debug|Any CPU
		{DDE49D83-D789-4000-820B-CFC9224D020C}.Debug|x86.ActiveCfg = Debug|Any CPU
		{DDE49D83-D789-4000-820B-CFC9224D020C}.Release|Any CPU.ActiveCfg = Release|Any CPU
		{DDE49D83-D789-4000-820B-CFC9224D020C}.Release|Any CPU.Build.0 = Release|Any CPU
		{DDE49D83-D789-4000-820B-CFC9224D020C}.Release|Mixed Platforms.ActiveCfg = Release|Any CPU
		{DDE49D83-D789-4000-820B-CFC9224D020C}.Release|Mixed Platforms.Build.0 = Release|Any CPU
		{DDE49D83-D789-4000-820B-CFC9224D020C}.Release|x86.ActiveCfg = Release|Any CPU
	EndGlobalSection
	GlobalSection(SolutionProperties) = preSolution
		HideSolutionNode = FALSE
	EndGlobalSection
	GlobalSection(TestCaseManagementSettings) = postSolution
		CategoryFile = Test.NewtonFramework.vsmdi
	EndGlobalSection
EndGlobal
